github.com/aquilax/go-perlin v0.0.0-20191229124216-0af9ce917c28/go.mod h1:z9Rl7EM4BZY0Ikp2fEN1I5mKSOJ26HQpk0O2TBdN2HE=
github.com/beefsack/go-astar v0.0.0-20200827232313-4ecf9e304482/go.mod h1:Cu3t5VeqE8kXjUBeNXWQprfuaP5UCIc5ggGjgMx9KFc=
github.com/veandco/go-sdl2 v0.4.4/go.mod h1:FB+kTpX9YTE+urhYiClnRzpOXbiWgaU3+5F2AB78DPg=
